
Microsoft Visual Studio Solution File, Format Version 12.00
# Visual Studio 15
Project("{FAE04EC0-301F-11D3-BF4B-00C04F79EFBC}") = "Assembly-CSharp", "Assembly-CSharp.csproj", "{D87E165C-E0F3-F6C1-4DBE-5AD1F0723028}"
EndProject
Project("{FAE04EC0-301F-11D3-BF4B-00C04F79EFBC}") = "Assembly-CSharp-Editor", "Assembly-CSharp-Editor.csproj", "{42DFF2AD-B42F-D605-2B42-A2D4345B31D3}"
EndProject
Global
	GlobalSection(SolutionConfigurationPlatforms) = preSolution
		Debug|Any CPU = Debug|Any CPU
		Release|Any CPU = Release|Any CPU
	EndGlobalSection
	GlobalSection(ProjectConfigurationPlatforms) = postSolution
		{D87E165C-E0F3-F6C1-4DBE-5AD1F0723028}.Debug|Any CPU.ActiveCfg = Debug|Any CPU
		{D87E165C-E0F3-F6C1-4DBE-5AD1F0723028}.Debug|Any CPU.Build.0 = Debug|Any CPU
		{D87E165C-E0F3-F6C1-4DBE-5AD1F0723028}.Release|Any CPU.ActiveCfg = Release|Any CPU
		{D87E165C-E0F3-F6C1-4DBE-5AD1F0723028}.Release|Any CPU.Build.0 = Release|Any CPU
		{42DFF2AD-B42F-D605-2B42-A2D4345B31D3}.Debug|Any CPU.ActiveCfg = Debug|Any CPU
		{42DFF2AD-B42F-D605-2B42-A2D4345B31D3}.Debug|Any CPU.Build.0 = Debug|Any CPU
		{42DFF2AD-B42F-D605-2B42-A2D4345B31D3}.Release|Any CPU.ActiveCfg = Release|Any CPU
		{42DFF2AD-B42F-D605-2B42-A2D4345B31D3}.Release|Any CPU.Build.0 = Release|Any CPU
	EndGlobalSection
	GlobalSection(SolutionProperties) = preSolution
		HideSolutionNode = FALSE
	EndGlobalSection
EndGlobal
